
Microsoft Visual Studio Solution File, Format Version 12.00
# Visual Studio Version 17
VisualStudioVersion = 17.5.002.0
MinimumVisualStudioVersion = 10.0.40219.1
Project("{9A19103F-16F7-4668-BE54-9A1E7A4F7556}") = "AbstractClassesAndMethods", "AbstractClassesAndMethods.csproj", "{CCBB7789-8A97-44D2-8179-23A3EAF9437D}"
EndProject
Global
	GlobalSection(SolutionConfigurationPlatforms) = preSolution
		Debug|Any CPU = Debug|Any CPU
		Release|Any CPU = Release|Any CPU
	EndGlobalSection
	GlobalSection(ProjectConfigurationPlatforms) = postSolution
		{CCBB7789-8A97-44D2-8179-23A3EAF9437D}.Debug|Any CPU.ActiveCfg = Debug|Any CPU
		{CCBB7789-8A97-44D2-8179-23A3EAF9437D}.Debug|Any CPU.Build.0 = Debug|Any CPU
		{CCBB7789-8A97-44D2-8179-23A3EAF9437D}.Release|Any CPU.ActiveCfg = Release|Any CPU
		{CCBB7789-8A97-44D2-8179-23A3EAF9437D}.Release|Any CPU.Build.0 = Release|Any CPU
	EndGlobalSection
	GlobalSection(SolutionProperties) = preSolution
		HideSolutionNode = FALSE
	EndGlobalSection
	GlobalSection(ExtensibilityGlobals) = postSolution
		SolutionGuid = {693DA2CE-57FE-4155-8473-D7B7C345C408}
	EndGlobalSection
EndGlobal
